
Microsoft Visual Studio Solution File, Format Version 12.00
# Visual Studio Version 17
VisualStudioVersion = 17.0.31903.59
MinimumVisualStudioVersion = 10.0.40219.1
Project("{2150E333-8FDC-42A3-9474-1A3956D46DE8}") = "src", "src", "{615E5102-D5B6-4E47-A602-40FFE317855F}"
EndProject
Project("{FAE04EC0-301F-11D3-BF4B-00C04F79EFBC}") = "PowerMonitor.Core", "src\PowerMonitor.Core\PowerMonitor.Core.csproj", "{A8FAF97E-AA99-4D7C-A1E9-68077685B639}"
EndProject
Project("{FAE04EC0-301F-11D3-BF4B-00C04F79EFBC}") = "PowerMonitor.UI", "src\PowerMonitor.UI\PowerMonitor.UI.csproj", "{F8328E38-AFD0-4E4B-8AB2-CCCE5CE0AE4E}"
EndProject
Global
	GlobalSection(SolutionConfigurationPlatforms) = preSolution
		Debug|Any CPU = Debug|Any CPU
		Release|Any CPU = Release|Any CPU
	EndGlobalSection
	GlobalSection(SolutionProperties) = preSolution
		HideSolutionNode = FALSE
	EndGlobalSection
	GlobalSection(ProjectConfigurationPlatforms) = postSolution
		{A8FAF97E-AA99-4D7C-A1E9-68077685B639}.Debug|Any CPU.ActiveCfg = Debug|Any CPU
		{A8FAF97E-AA99-4D7C-A1E9-68077685B639}.Debug|Any CPU.Build.0 = Debug|Any CPU
		{A8FAF97E-AA99-4D7C-A1E9-68077685B639}.Release|Any CPU.ActiveCfg = Release|Any CPU
		{A8FAF97E-AA99-4D7C-A1E9-68077685B639}.Release|Any CPU.Build.0 = Release|Any CPU
		{F8328E38-AFD0-4E4B-8AB2-CCCE5CE0AE4E}.Debug|Any CPU.ActiveCfg = Debug|Any CPU
		{F8328E38-AFD0-4E4B-8AB2-CCCE5CE0AE4E}.Debug|Any CPU.Build.0 = Debug|Any CPU
		{F8328E38-AFD0-4E4B-8AB2-CCCE5CE0AE4E}.Release|Any CPU.ActiveCfg = Release|Any CPU
		{F8328E38-AFD0-4E4B-8AB2-CCCE5CE0AE4E}.Release|Any CPU.Build.0 = Release|Any CPU
	EndGlobalSection
	GlobalSection(NestedProjects) = preSolution
		{A8FAF97E-AA99-4D7C-A1E9-68077685B639} = {615E5102-D5B6-4E47-A602-40FFE317855F}
		{F8328E38-AFD0-4E4B-8AB2-CCCE5CE0AE4E} = {615E5102-D5B6-4E47-A602-40FFE317855F}
	EndGlobalSection
EndGlobal
